
Microsoft Visual Studio Solution File, Format Version 12.00
# Visual Studio Version 17
VisualStudioVersion = 17.0.31903.59
MinimumVisualStudioVersion = 10.0.40219.1
Project("{FAE04EC0-301F-11D3-BF4B-00C04F79EFBC}") = "NumberSearchApp.Application", "NumberSearchApp.Application\NumberSearchApp.Application.csproj", "{2116833B-CC6A-46A7-B428-703543F5794A}"
EndProject
Project("{FAE04EC0-301F-11D3-BF4B-00C04F79EFBC}") = "NumberSearchApp.Domain", "NumberSearchApp.Domain\NumberSearchApp.Domain.csproj", "{AF13920B-4A4B-4D3B-9C93-0C383B37ADE6}"
EndProject
Project("{FAE04EC0-301F-11D3-BF4B-00C04F79EFBC}") = "NumberSearchApp.Infrastructure", "NumberSearchApp.Infrastructure\NumberSearchApp.Infrastructure.csproj", "{76BA6BD0-784A-40F5-9E39-6C35C19B1F2B}"
EndProject
Project("{2150E333-8FDC-42A3-9474-1A3956D46DE8}") = "Itens de Solução", "Itens de Solução", "{380A7511-A354-6D7A-0CC0-8FA1F1BA7B6C}"
	ProjectSection(SolutionItems) = preProject
		.dockerignore = .dockerignore
		docker-compose.yml = docker-compose.yml
		Dockerfile = Dockerfile
	EndProjectSection
EndProject
Project("{2150E333-8FDC-42A3-9474-1A3956D46DE8}") = "kubernetes", "kubernetes", "{02EA681E-C7D8-13C7-8484-4AC65E1B71E8}"
	ProjectSection(SolutionItems) = preProject
		apm-server.yaml = apm-server.yaml
		configmap.yaml = configmap.yaml
		elasticsearch.yaml = elasticsearch.yaml
		kibana.yaml = kibana.yaml
		namespace.yaml = namespace.yaml
		number-search-app.yaml = number-search-app.yaml
		services.yaml = services.yaml
	EndProjectSection
EndProject
Global
	GlobalSection(SolutionConfigurationPlatforms) = preSolution
		Debug|Any CPU = Debug|Any CPU
		Debug|x64 = Debug|x64
		Debug|x86 = Debug|x86
		Release|Any CPU = Release|Any CPU
		Release|x64 = Release|x64
		Release|x86 = Release|x86
	EndGlobalSection
	GlobalSection(ProjectConfigurationPlatforms) = postSolution
		{2116833B-CC6A-46A7-B428-703543F5794A}.Debug|Any CPU.ActiveCfg = Debug|Any CPU
		{2116833B-CC6A-46A7-B428-703543F5794A}.Debug|Any CPU.Build.0 = Debug|Any CPU
		{2116833B-CC6A-46A7-B428-703543F5794A}.Debug|x64.ActiveCfg = Debug|Any CPU
		{2116833B-CC6A-46A7-B428-703543F5794A}.Debug|x64.Build.0 = Debug|Any CPU
		{2116833B-CC6A-46A7-B428-703543F5794A}.Debug|x86.ActiveCfg = Debug|Any CPU
		{2116833B-CC6A-46A7-B428-703543F5794A}.Debug|x86.Build.0 = Debug|Any CPU
		{2116833B-CC6A-46A7-B428-703543F5794A}.Release|Any CPU.ActiveCfg = Release|Any CPU
		{2116833B-CC6A-46A7-B428-703543F5794A}.Release|Any CPU.Build.0 = Release|Any CPU
		{2116833B-CC6A-46A7-B428-703543F5794A}.Release|x64.ActiveCfg = Release|Any CPU
		{2116833B-CC6A-46A7-B428-703543F5794A}.Release|x64.Build.0 = Release|Any CPU
		{2116833B-CC6A-46A7-B428-703543F5794A}.Release|x86.ActiveCfg = Release|Any CPU
		{2116833B-CC6A-46A7-B428-703543F5794A}.Release|x86.Build.0 = Release|Any CPU
		{AF13920B-4A4B-4D3B-9C93-0C383B37ADE6}.Debug|Any CPU.ActiveCfg = Debug|Any CPU
		{AF13920B-4A4B-4D3B-9C93-0C383B37ADE6}.Debug|Any CPU.Build.0 = Debug|Any CPU
		{AF13920B-4A4B-4D3B-9C93-0C383B37ADE6}.Debug|x64.ActiveCfg = Debug|Any CPU
		{AF13920B-4A4B-4D3B-9C93-0C383B37ADE6}.Debug|x64.Build.0 = Debug|Any CPU
		{AF13920B-4A4B-4D3B-9C93-0C383B37ADE6}.Debug|x86.ActiveCfg = Debug|Any CPU
		{AF13920B-4A4B-4D3B-9C93-0C383B37ADE6}.Debug|x86.Build.0 = Debug|Any CPU
		{AF13920B-4A4B-4D3B-9C93-0C383B37ADE6}.Release|Any CPU.ActiveCfg = Release|Any CPU
		{AF13920B-4A4B-4D3B-9C93-0C383B37ADE6}.Release|Any CPU.Build.0 = Release|Any CPU
		{AF13920B-4A4B-4D3B-9C93-0C383B37ADE6}.Release|x64.ActiveCfg = Release|Any CPU
		{AF13920B-4A4B-4D3B-9C93-0C383B37ADE6}.Release|x64.Build.0 = Release|Any CPU
		{AF13920B-4A4B-4D3B-9C93-0C383B37ADE6}.Release|x86.ActiveCfg = Release|Any CPU
		{AF13920B-4A4B-4D3B-9C93-0C383B37ADE6}.Release|x86.Build.0 = Release|Any CPU
		{76BA6BD0-784A-40F5-9E39-6C35C19B1F2B}.Debug|Any CPU.ActiveCfg = Debug|Any CPU
		{76BA6BD0-784A-40F5-9E39-6C35C19B1F2B}.Debug|Any CPU.Build.0 = Debug|Any CPU
		{76BA6BD0-784A-40F5-9E39-6C35C19B1F2B}.Debug|x64.ActiveCfg = Debug|Any CPU
		{76BA6BD0-784A-40F5-9E39-6C35C19B1F2B}.Debug|x64.Build.0 = Debug|Any CPU
		{76BA6BD0-784A-40F5-9E39-6C35C19B1F2B}.Debug|x86.ActiveCfg = Debug|Any CPU
		{76BA6BD0-784A-40F5-9E39-6C35C19B1F2B}.Debug|x86.Build.0 = Debug|Any CPU
		{76BA6BD0-784A-40F5-9E39-6C35C19B1F2B}.Release|Any CPU.ActiveCfg = Release|Any CPU
		{76BA6BD0-784A-40F5-9E39-6C35C19B1F2B}.Release|Any CPU.Build.0 = Release|Any CPU
		{76BA6BD0-784A-40F5-9E39-6C35C19B1F2B}.Release|x64.ActiveCfg = Release|Any CPU
		{76BA6BD0-784A-40F5-9E39-6C35C19B1F2B}.Release|x64.Build.0 = Release|Any CPU
		{76BA6BD0-784A-40F5-9E39-6C35C19B1F2B}.Release|x86.ActiveCfg = Release|Any CPU
		{76BA6BD0-784A-40F5-9E39-6C35C19B1F2B}.Release|x86.Build.0 = Release|Any CPU
	EndGlobalSection
	GlobalSection(SolutionProperties) = preSolution
		HideSolutionNode = FALSE
	EndGlobalSection
	GlobalSection(ExtensibilityGlobals) = postSolution
		SolutionGuid = {EB3A2FB8-1C54-459A-81AD-D3E8BB1CDDA0}
	EndGlobalSection
EndGlobal
